{
  "object": {
    "pins": [
      {
        "package": "HeadPageKit",
        "repositoryURL": "https://github.com/bugkingK/HeadPageKit",
        "state": {
          "branch": null,
          "revision": "3357fafff0ec3c79776369dd4979762cff1eedff",
          "version": "3.0.1"
        }
      },
      {
        "package": "RxSwift",
        "repositoryURL": "https://github.com/ReactiveX/RxSwift.git",
        "state": {
          "branch": null,
          "revision": "7e01c05f25c025143073eaa3be3532f9375c614b",
          "version": "6.1.0"
        }
      }
    ]
  },
  "version": 1
}
